# This file is autogenerated, do not edit; changes may be undone by the next 'dep ensure'.


[[projects]]
  branch = "master"
  name = "github.com/NebulousLabs/hdkey"
  packages = [
    ".",
    "eckey",
    "schnorr",
    "util"
  ]
  revision = "aee6f80cd15d714ed7bffbb947b61ff563760859"

[[projects]]
  branch = "master"
  name = "github.com/btcsuite/btcd"
  packages = ["btcec"]
  revision = "86fed781132ac890ee03e906e4ecd5d6fa180c64"

[[projects]]
  name = "github.com/dchest/blake256"
  packages = ["."]
  revision = "dee3fe6eb0e98dc774a94fc231f85baf7c29d360"
  version = "v1.0.0"

[[projects]]
  name = "github.com/decred/base58"
  packages = ["."]
  revision = "56c501706f00d9e1cfacee19a27117e12da24734"
  version = "v1.0.0"

[[projects]]
  name = "github.com/decred/dcrd"
  packages = ["dcrec/secp256k1"]
  revision = "fd99f572cfd52ca722ad501ccb34acdcb22b4a67"
  version = "v1.2.0"

[[projects]]
  name = "github.com/golang/protobuf"
  packages = ["proto"]
  revision = "b4deda0973fb4c70b50d226b1af49f3da59f5265"
  version = "v1.1.0"

[[projects]]
  branch = "master"
  name = "github.com/iotaledger/giota"
  packages = ["cl"]
  revision = "1b2ad5ebc013ed4bdebce30fc397ad80f286e9fe"

[[projects]]
  branch = "master"
  name = "github.com/peterdouglas/bp-go"
  packages = [
    ".",
    "pb"
  ]
  revision = "82ac5a76d5007423bf27a96c3b067ff0f9f9583d"

[[projects]]
  branch = "master"
  name = "github.com/peterdouglas/giota"
  packages = ["."]
  revision = "d6582fc45ecc86ed330c15055da1da643893c4d3"

[[projects]]
  name = "github.com/pkg/profile"
  packages = ["."]
  revision = "5b67d428864e92711fcbd2f8629456121a56d91f"
  version = "v1.2.1"

[[projects]]
  branch = "master"
  name = "github.com/tildeleb/hashland"
  packages = ["keccakpg"]
  revision = "07375b562deaa8d6891f9618a04e94a0b98e2ee7"

[solve-meta]
  analyzer-name = "dep"
  analyzer-version = 1
  inputs-digest = "626ac875ec9b815051ba314187c976028c9bc26abcd828e29440050d6482c66e"
  solver-name = "gps-cdcl"
  solver-version = 1
